
Microsoft Visual Studio Solution File, Format Version 12.00
# Visual Studio Version 16
VisualStudioVersion = 16.0.30204.135
MinimumVisualStudioVersion = 10.0.40219.1
Project("{9A19103F-16F7-4668-BE54-9A1E7A4F7556}") = "TicketingSystem", "TicketingSystem\TicketingSystem.csproj", "{D17B7BA7-C9B6-4AAD-9DD9-D9B947250ECE}"
EndProject
Global
	GlobalSection(SolutionConfigurationPlatforms) = preSolution
		Debug|Any CPU = Debug|Any CPU
		Release|Any CPU = Release|Any CPU
	EndGlobalSection
	GlobalSection(ProjectConfigurationPlatforms) = postSolution
		{D17B7BA7-C9B6-4AAD-9DD9-D9B947250ECE}.Debug|Any CPU.ActiveCfg = Debug|Any CPU
		{D17B7BA7-C9B6-4AAD-9DD9-D9B947250ECE}.Debug|Any CPU.Build.0 = Debug|Any CPU
		{D17B7BA7-C9B6-4AAD-9DD9-D9B947250ECE}.Release|Any CPU.ActiveCfg = Release|Any CPU
		{D17B7BA7-C9B6-4AAD-9DD9-D9B947250ECE}.Release|Any CPU.Build.0 = Release|Any CPU
	EndGlobalSection
	GlobalSection(SolutionProperties) = preSolution
		HideSolutionNode = FALSE
	EndGlobalSection
	GlobalSection(ExtensibilityGlobals) = postSolution
		SolutionGuid = {1E1EA45B-E6EA-43FF-A412-0D50003EA6D9}
	EndGlobalSection
EndGlobal
